
Microsoft Visual Studio Solution File, Format Version 12.00
# Visual Studio Version 16
VisualStudioVersion = 16.0.30907.101
MinimumVisualStudioVersion = 10.0.40219.1
Project("{FAE04EC0-301F-11D3-BF4B-00C04F79EFBC}") = "ApiCatalogoJogos", "ApiCatalogoJogos\ApiCatalogoJogos.csproj", "{C7A0B831-8AF9-4885-9C15-F04FC31B1372}"
EndProject
Global
	GlobalSection(SolutionConfigurationPlatforms) = preSolution
		Debug|Any CPU = Debug|Any CPU
		Release|Any CPU = Release|Any CPU
	EndGlobalSection
	GlobalSection(ProjectConfigurationPlatforms) = postSolution
		{C7A0B831-8AF9-4885-9C15-F04FC31B1372}.Debug|Any CPU.ActiveCfg = Debug|Any CPU
		{C7A0B831-8AF9-4885-9C15-F04FC31B1372}.Debug|Any CPU.Build.0 = Debug|Any CPU
		{C7A0B831-8AF9-4885-9C15-F04FC31B1372}.Release|Any CPU.ActiveCfg = Release|Any CPU
		{C7A0B831-8AF9-4885-9C15-F04FC31B1372}.Release|Any CPU.Build.0 = Release|Any CPU
	EndGlobalSection
	GlobalSection(SolutionProperties) = preSolution
		HideSolutionNode = FALSE
	EndGlobalSection
	GlobalSection(ExtensibilityGlobals) = postSolution
		SolutionGuid = {95AF352E-EE02-4119-B124-1632036C7CBC}
	EndGlobalSection
EndGlobal
